# This file is automatically @generated by Cargo.
# It is not intended for manual editing.
version = 4

[[package]]
name = "bandall-api"
version = "0.1.0"

[[package]]
name = "bandall-authenticator-core"
version = "0.1.0"

[[package]]
name = "bandall-cli"
version = "0.1.0"

[[package]]
name = "bandall-policy"
version = "0.1.0"

[[package]]
name = "bandall-sdk-axum"
version = "0.1.0"

[[package]]
name = "bandall-sigs"
version = "0.1.0"

[[package]]
name = "bandall-store"
version = "0.1.0"

[[package]]
name = "bandall-tokens"
version = "0.1.0"

[[package]]
name = "bandall-totp-core"
version = "0.1.0"

[[package]]
name = "bandall-vault"
version = "0.1.0"
